
Microsoft Visual Studio Solution File, Format Version 12.00
# Visual Studio Version 16
VisualStudioVersion = 16.0.30517.126
MinimumVisualStudioVersion = 10.0.40219.1
Project("{FAE04EC0-301F-11D3-BF4B-00C04F79EFBC}") = "bigting", "bigting\bigting.csproj", "{E2D6180E-73A0-44A8-BFF3-C84D15E184E2}"
EndProject
Global
	GlobalSection(SolutionConfigurationPlatforms) = preSolution
		Debug|Any CPU = Debug|Any CPU
		Release|Any CPU = Release|Any CPU
	EndGlobalSection
	GlobalSection(ProjectConfigurationPlatforms) = postSolution
		{E2D6180E-73A0-44A8-BFF3-C84D15E184E2}.Debug|Any CPU.ActiveCfg = Debug|Any CPU
		{E2D6180E-73A0-44A8-BFF3-C84D15E184E2}.Debug|Any CPU.Build.0 = Debug|Any CPU
		{E2D6180E-73A0-44A8-BFF3-C84D15E184E2}.Release|Any CPU.ActiveCfg = Release|Any CPU
		{E2D6180E-73A0-44A8-BFF3-C84D15E184E2}.Release|Any CPU.Build.0 = Release|Any CPU
	EndGlobalSection
	GlobalSection(SolutionProperties) = preSolution
		HideSolutionNode = FALSE
	EndGlobalSection
	GlobalSection(ExtensibilityGlobals) = postSolution
		SolutionGuid = {4C64A812-4407-4DF5-8BE7-3883F68030E5}
	EndGlobalSection
EndGlobal
